// !$*UTF8*$!
{
	archiveVersion = 1;
	classes = {
	};
	objectVersion = 48;
	objects = {

/* Begin PBXBuildFile section */
		6155261E1FB3D51E00B56BD7 /* RDTableDelegate.m in Sources */ = {isa = PBXBuildFile; fileRef = 6155261D1FB3D51E00B56BD7 /* RDTableDelegate.m */; };
		615526211FB3D53100B56BD7 /* RDTableDatasource.m in Sources */ = {isa = PBXBuildFile; fileRef = 615526201FB3D53100B56BD7 /* RDTableDatasource.m */; };
		615526251FB3D88500B56BD7 /* RDTableViewCell.m in Sources */ = {isa = PBXBuildFile; fileRef = 615526231FB3D88500B56BD7 /* RDTableViewCell.m */; };
		615526261FB3D88500B56BD7 /* RDTableViewCell.xib in Resources */ = {isa = PBXBuildFile; fileRef = 615526241FB3D88500B56BD7 /* RDTableViewCell.xib */; };
		61DC7D131FB2FA3A003C186F /* AppDelegate.m in Sources */ = {isa = PBXBuildFile; fileRef = 61DC7D121FB2FA3A003C186F /* AppDelegate.m */; };
		61DC7D191FB2FA3B003C186F /* Main.storyboard in Resources */ = {isa = PBXBuildFile; fileRef = 61DC7D171FB2FA3B003C186F /* Main.storyboard */; };
		61DC7D1B1FB2FA3B003C186F /* Assets.xcassets in Resources */ = {isa = PBXBuildFile; fileRef = 61DC7D1A1FB2FA3B003C186F /* Assets.xcassets */; };
		61DC7D1E1FB2FA3B003C186F /* LaunchScreen.storyboard in Resources */ = {isa = PBXBuildFile; fileRef = 61DC7D1C1FB2FA3B003C186F /* LaunchScreen.storyboard */; };
		61DC7D211FB2FA3B003C186F /* main.m in Sources */ = {isa = PBXBuildFile; fileRef = 61DC7D201FB2FA3B003C186F /* main.m */; };
		61DC7D2B1FB2FA3B003C186F /* AppFunctionGroupTests.m in Sources */ = {isa = PBXBuildFile; fileRef = 61DC7D2A1FB2FA3B003C186F /* AppFunctionGroupTests.m */; };
		61DC7D361FB2FA3B003C186F /* AppFunctionGroupUITests.m in Sources */ = {isa = PBXBuildFile; fileRef = 61DC7D351FB2FA3B003C186F /* AppFunctionGroupUITests.m */; };
		61DC7D471FB2FABC003C186F /* BaseViewController.m in Sources */ = {isa = PBXBuildFile; fileRef = 61DC7D461FB2FABC003C186F /* BaseViewController.m */; };
/* End PBXBuildFile section */

/* Begin PBXContainerItemProxy section */
		61DC7D271FB2FA3B003C186F /* PBXContainerItemProxy */ = {
			isa = PBXContainerItemProxy;
			containerPortal = 61DC7D061FB2FA3A003C186F /* Project object */;
			proxyType = 1;
			remoteGlobalIDString = 61DC7D0D1FB2FA3A003C186F;
			remoteInfo = AppFunctionGroup;
		};
		61DC7D321FB2FA3B003C186F /* PBXContainerItemProxy */ = {
			isa = PBXContainerItemProxy;
			containerPortal = 61DC7D061FB2FA3A003C186F /* Project object */;
			proxyType = 1;
			remoteGlobalIDString = 61DC7D0D1FB2FA3A003C186F;
			remoteInfo = AppFunctionGroup;
		};
/* End PBXContainerItemProxy section */

/* Begin PBXFileReference section */
		6155261C1FB3D51E00B56BD7 /* RDTableDelegate.h */ = {isa = PBXFileReference; lastKnownFileType = sourcecode.c.h; path = RDTableDelegate.h; sourceTree = "<group>"; };
		6155261D1FB3D51E00B56BD7 /* RDTableDelegate.m */ = {isa = PBXFileReference; lastKnownFileType = sourcecode.c.objc; path = RDTableDelegate.m; sourceTree = "<group>"; };
		6155261F1FB3D53100B56BD7 /* RDTableDatasource.h */ = {isa = PBXFileReference; lastKnownFileType = sourcecode.c.h; path = RDTableDatasource.h; sourceTree = "<group>"; };
		615526201FB3D53100B56BD7 /* RDTableDatasource.m */ = {isa = PBXFileReference; lastKnownFileType = sourcecode.c.objc; path = RDTableDatasource.m; sourceTree = "<group>"; };
		615526221FB3D88500B56BD7 /* RDTableViewCell.h */ = {isa = PBXFileReference; lastKnownFileType = sourcecode.c.h; path = RDTableViewCell.h; sourceTree = "<group>"; };
		615526231FB3D88500B56BD7 /* RDTableViewCell.m */ = {isa = PBXFileReference; lastKnownFileType = sourcecode.c.objc; path = RDTableViewCell.m; sourceTree = "<group>"; };
		615526241FB3D88500B56BD7 /* RDTableViewCell.xib */ = {isa = PBXFileReference; lastKnownFileType = file.xib; path = RDTableViewCell.xib; sourceTree = "<group>"; };
		61DC7D0E1FB2FA3A003C186F /* AppFunctionGroup.app */ = {isa = PBXFileReference; explicitFileType = wrapper.application; includeInIndex = 0; path = AppFunctionGroup.app; sourceTree = BUILT_PRODUCTS_DIR; };
		61DC7D111FB2FA3A003C186F /* AppDelegate.h */ = {isa = PBXFileReference; lastKnownFileType = sourcecode.c.h; path = AppDelegate.h; sourceTree = "<group>"; };
		61DC7D121FB2FA3A003C186F /* AppDelegate.m */ = {isa = PBXFileReference; lastKnownFileType = sourcecode.c.objc; path = AppDelegate.m; sourceTree = "<group>"; };
		61DC7D181FB2FA3B003C186F /* Base */ = {isa = PBXFileReference; lastKnownFileType = file.storyboard; name = Base; path = Base.lproj/Main.storyboard; sourceTree = "<group>"; };
		61DC7D1A1FB2FA3B003C186F /* Assets.xcassets */ = {isa = PBXFileReference; lastKnownFileType = folder.assetcatalog; path = Assets.xcassets; sourceTree = "<group>"; };
		61DC7D1D1FB2FA3B003C186F /* Base */ = {isa = PBXFileReference; lastKnownFileType = file.storyboard; name = Base; path = Base.lproj/LaunchScreen.storyboard; sourceTree = "<group>"; };
		61DC7D1F1FB2FA3B003C186F /* Info.plist */ = {isa = PBXFileReference; lastKnownFileType = text.plist.xml; path = Info.plist; sourceTree = "<group>"; };
		61DC7D201FB2FA3B003C186F /* main.m */ = {isa = PBXFileReference; lastKnownFileType = sourcecode.c.objc; path = main.m; sourceTree = "<group>"; };
		61DC7D261FB2FA3B003C186F /* AppFunctionGroupTests.xctest */ = {isa = PBXFileReference; explicitFileType = wrapper.cfbundle; includeInIndex = 0; path = AppFunctionGroupTests.xctest; sourceTree = BUILT_PRODUCTS_DIR; };
		61DC7D2A1FB2FA3B003C186F /* AppFunctionGroupTests.m */ = {isa = PBXFileReference; lastKnownFileType = sourcecode.c.objc; path = AppFunctionGroupTests.m; sourceTree = "<group>"; };
		61DC7D2C1FB2FA3B003C186F /* Info.plist */ = {isa = PBXFileReference; lastKnownFileType = text.plist.xml; path = Info.plist; sourceTree = "<group>"; };
		61DC7D311FB2FA3B003C186F /* AppFunctionGroupUITests.xctest */ = {isa = PBXFileReference; explicitFileType = wrapper.cfbundle; includeInIndex = 0; path = AppFunctionGroupUITests.xctest; sourceTree = BUILT_PRODUCTS_DIR; };
		61DC7D351FB2FA3B003C186F /* AppFunctionGroupUITests.m */ = {isa = PBXFileReference; lastKnownFileType = sourcecode.c.objc; path = AppFunctionGroupUITests.m; sourceTree = "<group>"; };
		61DC7D371FB2FA3B003C186F /* Info.plist */ = {isa = PBXFileReference; lastKnownFileType = text.plist.xml; path = Info.plist; sourceTree = "<group>"; };
		61DC7D451FB2FABC003C186F /* BaseViewController.h */ = {isa = PBXFileReference; lastKnownFileType = sourcecode.c.h; path = BaseViewController.h; sourceTree = "<group>"; };
		61DC7D461FB2FABC003C186F /* BaseViewController.m */ = {isa = PBXFileReference; lastKnownFileType = sourcecode.c.objc; path = BaseViewController.m; sourceTree = "<group>"; };
/* End PBXFileReference section */

/* Begin PBXFrameworksBuildPhase section */
		61DC7D0B1FB2FA3A003C186F /* Frameworks */ = {
			isa = PBXFrameworksBuildPhase;
			buildActionMask = 2147483647;
			files = (
			);
			runOnlyForDeploymentPostprocessing = 0;
		};
		61DC7D231FB2FA3B003C186F /* Frameworks */ = {
			isa = PBXFrameworksBuildPhase;
			buildActionMask = 2147483647;
			files = (
			);
			runOnlyForDeploymentPostprocessing = 0;
		};
		61DC7D2E1FB2FA3B003C186F /* Frameworks */ = {
			isa = PBXFrameworksBuildPhase;
			buildActionMask = 2147483647;
			files = (
			);
			runOnlyForDeploymentPostprocessing = 0;
		};
/* End PBXFrameworksBuildPhase section */

/* Begin PBXGroup section */
		6155261B1FB3D4CE00B56BD7 /* BaseControl */ = {
			isa = PBXGroup;
			children = (
				61DC7D451FB2FABC003C186F /* BaseViewController.h */,
				61DC7D461FB2FABC003C186F /* BaseViewController.m */,
				615526271FB3D88A00B56BD7 /* TableViewDelegate */,
			);
			path = BaseControl;
			sourceTree = "<group>";
		};
		615526271FB3D88A00B56BD7 /* TableViewDelegate */ = {
			isa = PBXGroup;
			children = (
				6155261C1FB3D51E00B56BD7 /* RDTableDelegate.h */,
				6155261D1FB3D51E00B56BD7 /* RDTableDelegate.m */,
				6155261F1FB3D53100B56BD7 /* RDTableDatasource.h */,
				615526201FB3D53100B56BD7 /* RDTableDatasource.m */,
				615526221FB3D88500B56BD7 /* RDTableViewCell.h */,
				615526231FB3D88500B56BD7 /* RDTableViewCell.m */,
				615526241FB3D88500B56BD7 /* RDTableViewCell.xib */,
			);
			path = TableViewDelegate;
			sourceTree = "<group>";
		};
		61DC7D051FB2FA3A003C186F = {
			isa = PBXGroup;
			children = (
				61DC7D101FB2FA3A003C186F /* AppFunctionGroup */,
				61DC7D291FB2FA3B003C186F /* AppFunctionGroupTests */,
				61DC7D341FB2FA3B003C186F /* AppFunctionGroupUITests */,
				61DC7D0F1FB2FA3A003C186F /* Products */,
			);
			sourceTree = "<group>";
		};
		61DC7D0F1FB2FA3A003C186F /* Products */ = {
			isa = PBXGroup;
			children = (
				61DC7D0E1FB2FA3A003C186F /* AppFunctionGroup.app */,
				61DC7D261FB2FA3B003C186F /* AppFunctionGroupTests.xctest */,
				61DC7D311FB2FA3B003C186F /* AppFunctionGroupUITests.xctest */,
			);
			name = Products;
			sourceTree = "<group>";
		};
		61DC7D101FB2FA3A003C186F /* AppFunctionGroup */ = {
			isa = PBXGroup;
			children = (
				6155261B1FB3D4CE00B56BD7 /* BaseControl */,
				61DC7D441FB2FA64003C186F /* Storyboard */,
				61DC7D431FB2FA54003C186F /* Resources */,
				61DC7D111FB2FA3A003C186F /* AppDelegate.h */,
				61DC7D121FB2FA3A003C186F /* AppDelegate.m */,
			);
			path = AppFunctionGroup;
			sourceTree = "<group>";
		};
		61DC7D291FB2FA3B003C186F /* AppFunctionGroupTests */ = {
			isa = PBXGroup;
			children = (
				61DC7D2A1FB2FA3B003C186F /* AppFunctionGroupTests.m */,
				61DC7D2C1FB2FA3B003C186F /* Info.plist */,
			);
			path = AppFunctionGroupTests;
			sourceTree = "<group>";
		};
		61DC7D341FB2FA3B003C186F /* AppFunctionGroupUITests */ = {
			isa = PBXGroup;
			children = (
				61DC7D351FB2FA3B003C186F /* AppFunctionGroupUITests.m */,
				61DC7D371FB2FA3B003C186F /* Info.plist */,
			);
			path = AppFunctionGroupUITests;
			sourceTree = "<group>";
		};
		61DC7D431FB2FA54003C186F /* Resources */ = {
			isa = PBXGroup;
			children = (
				61DC7D1A1FB2FA3B003C186F /* Assets.xcassets */,
				61DC7D1F1FB2FA3B003C186F /* Info.plist */,
				61DC7D201FB2FA3B003C186F /* main.m */,
			);
			path = Resources;
			sourceTree = "<group>";
		};
		61DC7D441FB2FA64003C186F /* Storyboard */ = {
			isa = PBXGroup;
			children = (
				61DC7D171FB2FA3B003C186F /* Main.storyboard */,
				61DC7D1C1FB2FA3B003C186F /* LaunchScreen.storyboard */,
			);
			path = Storyboard;
			sourceTree = "<group>";
		};
/* End PBXGroup section */

/* Begin PBXNativeTarget section */
		61DC7D0D1FB2FA3A003C186F /* AppFunctionGroup */ = {
			isa = PBXNativeTarget;
			buildConfigurationList = 61DC7D3A1FB2FA3B003C186F /* Build configuration list for PBXNativeTarget "AppFunctionGroup" */;
			buildPhases = (
				61DC7D0A1FB2FA3A003C186F /* Sources */,
				61DC7D0B1FB2FA3A003C186F /* Frameworks */,
				61DC7D0C1FB2FA3A003C186F /* Resources */,
			);
			buildRules = (
			);
			dependencies = (
			);
			name = AppFunctionGroup;
			productName = AppFunctionGroup;
			productReference = 61DC7D0E1FB2FA3A003C186F /* AppFunctionGroup.app */;
			productType = "com.apple.product-type.application";
		};
		61DC7D251FB2FA3B003C186F /* AppFunctionGroupTests */ = {
			isa = PBXNativeTarget;
			buildConfigurationList = 61DC7D3D1FB2FA3B003C186F /* Build configuration list for PBXNativeTarget "AppFunctionGroupTests" */;
			buildPhases = (
				61DC7D221FB2FA3B003C186F /* Sources */,
				61DC7D231FB2FA3B003C186F /* Frameworks */,
				61DC7D241FB2FA3B003C186F /* Resources */,
			);
			buildRules = (
			);
			dependencies = (
				61DC7D281FB2FA3B003C186F /* PBXTargetDependency */,
			);
			name = AppFunctionGroupTests;
			productName = AppFunctionGroupTests;
			productReference = 61DC7D261FB2FA3B003C186F /* AppFunctionGroupTests.xctest */;
			productType = "com.apple.product-type.bundle.unit-test";
		};
		61DC7D301FB2FA3B003C186F /* AppFunctionGroupUITests */ = {
			isa = PBXNativeTarget;
			buildConfigurationList = 61DC7D401FB2FA3B003C186F /* Build configuration list for PBXNativeTarget "AppFunctionGroupUITests" */;
			buildPhases = (
				61DC7D2D1FB2FA3B003C186F /* Sources */,
				61DC7D2E1FB2FA3B003C186F /* Frameworks */,
				61DC7D2F1FB2FA3B003C186F /* Resources */,
			);
			buildRules = (
			);
			dependencies = (
				61DC7D331FB2FA3B003C186F /* PBXTargetDependency */,
			);
			name = AppFunctionGroupUITests;
			productName = AppFunctionGroupUITests;
			productReference = 61DC7D311FB2FA3B003C186F /* AppFunctionGroupUITests.xctest */;
			productType = "com.apple.product-type.bundle.ui-testing";
		};
/* End PBXNativeTarget section */

/* Begin PBXProject section */
		61DC7D061FB2FA3A003C186F /* Project object */ = {
			isa = PBXProject;
			attributes = {
				LastUpgradeCheck = 0910;
				ORGANIZATIONNAME = yangsong;
				TargetAttributes = {
					61DC7D0D1FB2FA3A003C186F = {
						CreatedOnToolsVersion = 9.1;
						ProvisioningStyle = Automatic;
					};
					61DC7D251FB2FA3B003C186F = {
						CreatedOnToolsVersion = 9.1;
						ProvisioningStyle = Automatic;
						TestTargetID = 61DC7D0D1FB2FA3A003C186F;
					};
					61DC7D301FB2FA3B003C186F = {
						CreatedOnToolsVersion = 9.1;
						ProvisioningStyle = Automatic;
						TestTargetID = 61DC7D0D1FB2FA3A003C186F;
					};
				};
			};
			buildConfigurationList = 61DC7D091FB2FA3A003C186F /* Build configuration list for PBXProject "AppFunctionGroup" */;
			compatibilityVersion = "Xcode 8.0";
			developmentRegion = en;
			hasScannedForEncodings = 0;
			knownRegions = (
				en,
				Base,
			);
			mainGroup = 61DC7D051FB2FA3A003C186F;
			productRefGroup = 61DC7D0F1FB2FA3A003C186F /* Products */;
			projectDirPath = "";
			projectRoot = "";
			targets = (
				61DC7D0D1FB2FA3A003C186F /* AppFunctionGroup */,
				61DC7D251FB2FA3B003C186F /* AppFunctionGroupTests */,
				61DC7D301FB2FA3B003C186F /* AppFunctionGroupUITests */,
			);
		};
/* End PBXProject section */

/* Begin PBXResourcesBuildPhase section */
		61DC7D0C1FB2FA3A003C186F /* Resources */ = {
			isa = PBXResourcesBuildPhase;
			buildActionMask = 2147483647;
			files = (
				61DC7D1E1FB2FA3B003C186F /* LaunchScreen.storyboard in Resources */,
				615526261FB3D88500B56BD7 /* RDTableViewCell.xib in Resources */,
				61DC7D1B1FB2FA3B003C186F /* Assets.xcassets in Resources */,
				61DC7D191FB2FA3B003C186F /* Main.storyboard in Resources */,
			);
			runOnlyForDeploymentPostprocessing = 0;
		};
		61DC7D241FB2FA3B003C186F /* Resources */ = {
			isa = PBXResourcesBuildPhase;
			buildActionMask = 2147483647;
			files = (
			);
			runOnlyForDeploymentPostprocessing = 0;
		};
		61DC7D2F1FB2FA3B003C186F /* Resources */ = {
			isa = PBXResourcesBuildPhase;
			buildActionMask = 2147483647;
			files = (
			);
			runOnlyForDeploymentPostprocessing = 0;
		};
/* End PBXResourcesBuildPhase section */

/* Begin PBXSourcesBuildPhase section */
		61DC7D0A1FB2FA3A003C186F /* Sources */ = {
			isa = PBXSourcesBuildPhase;
			buildActionMask = 2147483647;
			files = (
				61DC7D211FB2FA3B003C186F /* main.m in Sources */,
				6155261E1FB3D51E00B56BD7 /* RDTableDelegate.m in Sources */,
				61DC7D471FB2FABC003C186F /* BaseViewController.m in Sources */,
				615526211FB3D53100B56BD7 /* RDTableDatasource.m in Sources */,
				61DC7D131FB2FA3A003C186F /* AppDelegate.m in Sources */,
				615526251FB3D88500B56BD7 /* RDTableViewCell.m in Sources */,
			);
			runOnlyForDeploymentPostprocessing = 0;
		};
		61DC7D221FB2FA3B003C186F /* Sources */ = {
			isa = PBXSourcesBuildPhase;
			buildActionMask = 2147483647;
			files = (
				61DC7D2B1FB2FA3B003C186F /* AppFunctionGroupTests.m in Sources */,
			);
			runOnlyForDeploymentPostprocessing = 0;
		};
		61DC7D2D1FB2FA3B003C186F /* Sources */ = {
			isa = PBXSourcesBuildPhase;
			buildActionMask = 2147483647;
			files = (
				61DC7D361FB2FA3B003C186F /* AppFunctionGroupUITests.m in Sources */,
			);
			runOnlyForDeploymentPostprocessing = 0;
		};
/* End PBXSourcesBuildPhase section */

/* Begin PBXTargetDependency section */
		61DC7D281FB2FA3B003C186F /* PBXTargetDependency */ = {
			isa = PBXTargetDependency;
			target = 61DC7D0D1FB2FA3A003C186F /* AppFunctionGroup */;
			targetProxy = 61DC7D271FB2FA3B003C186F /* PBXContainerItemProxy */;
		};
		61DC7D331FB2FA3B003C186F /* PBXTargetDependency */ = {
			isa = PBXTargetDependency;
			target = 61DC7D0D1FB2FA3A003C186F /* AppFunctionGroup */;
			targetProxy = 61DC7D321FB2FA3B003C186F /* PBXContainerItemProxy */;
		};
/* End PBXTargetDependency section */

/* Begin PBXVariantGroup section */
		61DC7D171FB2FA3B003C186F /* Main.storyboard */ = {
			isa = PBXVariantGroup;
			children = (
				61DC7D181FB2FA3B003C186F /* Base */,
			);
			name = Main.storyboard;
			sourceTree = "<group>";
		};
		61DC7D1C1FB2FA3B003C186F /* LaunchScreen.storyboard */ = {
			isa = PBXVariantGroup;
			children = (
				61DC7D1D1FB2FA3B003C186F /* Base */,
			);
			name = LaunchScreen.storyboard;
			sourceTree = "<group>";
		};
/* End PBXVariantGroup section */

/* Begin XCBuildConfiguration section */
		61DC7D381FB2FA3B003C186F /* Debug */ = {
			isa = XCBuildConfiguration;
			buildSettings = {
				ALWAYS_SEARCH_USER_PATHS = NO;
				CLANG_ANALYZER_NONNULL = YES;
				CLANG_ANALYZER_NUMBER_OBJECT_CONVERSION = YES_AGGRESSIVE;
				CLANG_CXX_LANGUAGE_STANDARD = "gnu++14";
				CLANG_CXX_LIBRARY = "libc++";
				CLANG_ENABLE_MODULES = YES;
				CLANG_ENABLE_OBJC_ARC = YES;
				CLANG_WARN_BLOCK_CAPTURE_AUTORELEASING = YES;
				CLANG_WARN_BOOL_CONVERSION = YES;
				CLANG_WARN_COMMA = YES;
				CLANG_WARN_CONSTANT_CONVERSION = YES;
				CLANG_WARN_DIRECT_OBJC_ISA_USAGE = YES_ERROR;
				CLANG_WARN_DOCUMENTATION_COMMENTS = YES;
				CLANG_WARN_EMPTY_BODY = YES;
				CLANG_WARN_ENUM_CONVERSION = YES;
				CLANG_WARN_INFINITE_RECURSION = YES;
				CLANG_WARN_INT_CONVERSION = YES;
				CLANG_WARN_NON_LITERAL_NULL_CONVERSION = YES;
				CLANG_WARN_OBJC_LITERAL_CONVERSION = YES;
				CLANG_WARN_OBJC_ROOT_CLASS = YES_ERROR;
				CLANG_WARN_RANGE_LOOP_ANALYSIS = YES;
				CLANG_WARN_STRICT_PROTOTYPES = YES;
				CLANG_WARN_SUSPICIOUS_MOVE = YES;
				CLANG_WARN_UNGUARDED_AVAILABILITY = YES_AGGRESSIVE;
				CLANG_WARN_UNREACHABLE_CODE = YES;
				CLANG_WARN__DUPLICATE_METHOD_MATCH = YES;
				CODE_SIGN_IDENTITY = "iPhone Developer";
				COPY_PHASE_STRIP = NO;
				DEBUG_INFORMATION_FORMAT = dwarf;
				ENABLE_STRICT_OBJC_MSGSEND = YES;
				ENABLE_TESTABILITY = YES;
				GCC_C_LANGUAGE_STANDARD = gnu11;
				GCC_DYNAMIC_NO_PIC = NO;
				GCC_NO_COMMON_BLOCKS = YES;
				GCC_OPTIMIZATION_LEVEL = 0;
				GCC_PREPROCESSOR_DEFINITIONS = (
					"DEBUG=1",
					"$(inherited)",
				);
				GCC_WARN_64_TO_32_BIT_CONVERSION = YES;
				GCC_WARN_ABOUT_RETURN_TYPE = YES_ERROR;
				GCC_WARN_UNDECLARED_SELECTOR = YES;
				GCC_WARN_UNINITIALIZED_AUTOS = YES_AGGRESSIVE;
				GCC_WARN_UNUSED_FUNCTION = YES;
				GCC_WARN_UNUSED_VARIABLE = YES;
				IPHONEOS_DEPLOYMENT_TARGET = 11.1;
				MTL_ENABLE_DEBUG_INFO = YES;
				ONLY_ACTIVE_ARCH = YES;
				SDKROOT = iphoneos;
			};
			name = Debug;
		};
		61DC7D391FB2FA3B003C186F /* Release */ = {
			isa = XCBuildConfiguration;
			buildSettings = {
				ALWAYS_SEARCH_USER_PATHS = NO;
				CLANG_ANALYZER_NONNULL = YES;
				CLANG_ANALYZER_NUMBER_OBJECT_CONVERSION = YES_AGGRESSIVE;
				CLANG_CXX_LANGUAGE_STANDARD = "gnu++14";
				CLANG_CXX_LIBRARY = "libc++";
				CLANG_ENABLE_MODULES = YES;
				CLANG_ENABLE_OBJC_ARC = YES;
				CLANG_WARN_BLOCK_CAPTURE_AUTORELEASING = YES;
				CLANG_WARN_BOOL_CONVERSION = YES;
				CLANG_WARN_COMMA = YES;
				CLANG_WARN_CONSTANT_CONVERSION = YES;
				CLANG_WARN_DIRECT_OBJC_ISA_USAGE = YES_ERROR;
				CLANG_WARN_DOCUMENTATION_COMMENTS = YES;
				CLANG_WARN_EMPTY_BODY = YES;
				CLANG_WARN_ENUM_CONVERSION = YES;
				CLANG_WARN_INFINITE_RECURSION = YES;
				CLANG_WARN_INT_CONVERSION = YES;
				CLANG_WARN_NON_LITERAL_NULL_CONVERSION = YES;
				CLANG_WARN_OBJC_LITERAL_CONVERSION = YES;
				CLANG_WARN_OBJC_ROOT_CLASS = YES_ERROR;
				CLANG_WARN_RANGE_LOOP_ANALYSIS = YES;
				CLANG_WARN_STRICT_PROTOTYPES = YES;
				CLANG_WARN_SUSPICIOUS_MOVE = YES;
				CLANG_WARN_UNGUARDED_AVAILABILITY = YES_AGGRESSIVE;
				CLANG_WARN_UNREACHABLE_CODE = YES;
				CLANG_WARN__DUPLICATE_METHOD_MATCH = YES;
				CODE_SIGN_IDENTITY = "iPhone Developer";
				COPY_PHASE_STRIP = NO;
				DEBUG_INFORMATION_FORMAT = "dwarf-with-dsym";
				ENABLE_NS_ASSERTIONS = NO;
				ENABLE_STRICT_OBJC_MSGSEND = YES;
				GCC_C_LANGUAGE_STANDARD = gnu11;
				GCC_NO_COMMON_BLOCKS = YES;
				GCC_WARN_64_TO_32_BIT_CONVERSION = YES;
				GCC_WARN_ABOUT_RETURN_TYPE = YES_ERROR;
				GCC_WARN_UNDECLARED_SELECTOR = YES;
				GCC_WARN_UNINITIALIZED_AUTOS = YES_AGGRESSIVE;
				GCC_WARN_UNUSED_FUNCTION = YES;
				GCC_WARN_UNUSED_VARIABLE = YES;
				IPHONEOS_DEPLOYMENT_TARGET = 11.1;
				MTL_ENABLE_DEBUG_INFO = NO;
				SDKROOT = iphoneos;
				VALIDATE_PRODUCT = YES;
			};
			name = Release;
		};
		61DC7D3B1FB2FA3B003C186F /* Debug */ = {
			isa = XCBuildConfiguration;
			buildSettings = {
				ASSETCATALOG_COMPILER_APPICON_NAME = AppIcon;
				CODE_SIGN_STYLE = Automatic;
				DEVELOPMENT_TEAM = FBVYKESUN4;
				INFOPLIST_FILE = "$(SRCROOT)/AppFunctionGroup/Resources/Info.plist";
				LD_RUNPATH_SEARCH_PATHS = "$(inherited) @executable_path/Frameworks";
				PRODUCT_BUNDLE_IDENTIFIER = com.yangsong.AppFunctionGroup;
				PRODUCT_NAME = "$(TARGET_NAME)";
				TARGETED_DEVICE_FAMILY = "1,2";
			};
			name = Debug;
		};
		61DC7D3C1FB2FA3B003C186F /* Release */ = {
			isa = XCBuildConfiguration;
			buildSettings = {
				ASSETCATALOG_COMPILER_APPICON_NAME = AppIcon;
				CODE_SIGN_STYLE = Automatic;
				DEVELOPMENT_TEAM = FBVYKESUN4;
				INFOPLIST_FILE = "$(SRCROOT)/AppFunctionGroup/Resources/Info.plist";
				LD_RUNPATH_SEARCH_PATHS = "$(inherited) @executable_path/Frameworks";
				PRODUCT_BUNDLE_IDENTIFIER = com.yangsong.AppFunctionGroup;
				PRODUCT_NAME = "$(TARGET_NAME)";
				TARGETED_DEVICE_FAMILY = "1,2";
			};
			name = Release;
		};
		61DC7D3E1FB2FA3B003C186F /* Debug */ = {
			isa = XCBuildConfiguration;
			buildSettings = {
				BUNDLE_LOADER = "$(TEST_HOST)";
				CODE_SIGN_STYLE = Automatic;
				DEVELOPMENT_TEAM = FBVYKESUN4;
				INFOPLIST_FILE = AppFunctionGroupTests/Info.plist;
				LD_RUNPATH_SEARCH_PATHS = "$(inherited) @executable_path/Frameworks @loader_path/Frameworks";
				PRODUCT_BUNDLE_IDENTIFIER = com.yangsong.AppFunctionGroupTests;
				PRODUCT_NAME = "$(TARGET_NAME)";
				TARGETED_DEVICE_FAMILY = "1,2";
				TEST_HOST = "$(BUILT_PRODUCTS_DIR)/AppFunctionGroup.app/AppFunctionGroup";
			};
			name = Debug;
		};
		61DC7D3F1FB2FA3B003C186F /* Release */ = {
			isa = XCBuildConfiguration;
			buildSettings = {
				BUNDLE_LOADER = "$(TEST_HOST)";
				CODE_SIGN_STYLE = Automatic;
				DEVELOPMENT_TEAM = FBVYKESUN4;
				INFOPLIST_FILE = AppFunctionGroupTests/Info.plist;
				LD_RUNPATH_SEARCH_PATHS = "$(inherited) @executable_path/Frameworks @loader_path/Frameworks";
				PRODUCT_BUNDLE_IDENTIFIER = com.yangsong.AppFunctionGroupTests;
				PRODUCT_NAME = "$(TARGET_NAME)";
				TARGETED_DEVICE_FAMILY = "1,2";
				TEST_HOST = "$(BUILT_PRODUCTS_DIR)/AppFunctionGroup.app/AppFunctionGroup";
			};
			name = Release;
		};
		61DC7D411FB2FA3B003C186F /* Debug */ = {
			isa = XCBuildConfiguration;
			buildSettings = {
				CODE_SIGN_STYLE = Automatic;
				DEVELOPMENT_TEAM = FBVYKESUN4;
				INFOPLIST_FILE = AppFunctionGroupUITests/Info.plist;
				LD_RUNPATH_SEARCH_PATHS = "$(inherited) @executable_path/Frameworks @loader_path/Frameworks";
				PRODUCT_BUNDLE_IDENTIFIER = com.yangsong.AppFunctionGroupUITests;
				PRODUCT_NAME = "$(TARGET_NAME)";
				TARGETED_DEVICE_FAMILY = "1,2";
				TEST_TARGET_NAME = AppFunctionGroup;
			};
			name = Debug;
		};
		61DC7D421FB2FA3B003C186F /* Release */ = {
			isa = XCBuildConfiguration;
			buildSettings = {
				CODE_SIGN_STYLE = Automatic;
				DEVELOPMENT_TEAM = FBVYKESUN4;
				INFOPLIST_FILE = AppFunctionGroupUITests/Info.plist;
				LD_RUNPATH_SEARCH_PATHS = "$(inherited) @executable_path/Frameworks @loader_path/Frameworks";
				PRODUCT_BUNDLE_IDENTIFIER = com.yangsong.AppFunctionGroupUITests;
				PRODUCT_NAME = "$(TARGET_NAME)";
				TARGETED_DEVICE_FAMILY = "1,2";
				TEST_TARGET_NAME = AppFunctionGroup;
			};
			name = Release;
		};
/* End XCBuildConfiguration section */

/* Begin XCConfigurationList section */
		61DC7D091FB2FA3A003C186F /* Build configuration list for PBXProject "AppFunctionGroup" */ = {
			isa = XCConfigurationList;
			buildConfigurations = (
				61DC7D381FB2FA3B003C186F /* Debug */,
				61DC7D391FB2FA3B003C186F /* Release */,
			);
			defaultConfigurationIsVisible = 0;
			defaultConfigurationName = Release;
		};
		61DC7D3A1FB2FA3B003C186F /* Build configuration list for PBXNativeTarget "AppFunctionGroup" */ = {
			isa = XCConfigurationList;
			buildConfigurations = (
				61DC7D3B1FB2FA3B003C186F /* Debug */,
				61DC7D3C1FB2FA3B003C186F /* Release */,
			);
			defaultConfigurationIsVisible = 0;
			defaultConfigurationName = Release;
		};
		61DC7D3D1FB2FA3B003C186F /* Build configuration list for PBXNativeTarget "AppFunctionGroupTests" */ = {
			isa = XCConfigurationList;
			buildConfigurations = (
				61DC7D3E1FB2FA3B003C186F /* Debug */,
				61DC7D3F1FB2FA3B003C186F /* Release */,
			);
			defaultConfigurationIsVisible = 0;
			defaultConfigurationName = Release;
		};
		61DC7D401FB2FA3B003C186F /* Build configuration list for PBXNativeTarget "AppFunctionGroupUITests" */ = {
			isa = XCConfigurationList;
			buildConfigurations = (
				61DC7D411FB2FA3B003C186F /* Debug */,
				61DC7D421FB2FA3B003C186F /* Release */,
			);
			defaultConfigurationIsVisible = 0;
			defaultConfigurationName = Release;
		};
/* End XCConfigurationList section */
	};
	rootObject = 61DC7D061FB2FA3A003C186F /* Project object */;
}
